
Microsoft Visual Studio Solution File, Format Version 10.00
# Visual Studio 2008
Project("{FAE04EC0-301F-11D3-BF4B-00C04F79EFBC}") = "TenderBase", "TenderBase.csproj", "{2CA52394-A3EC-4422-9BCB-300797B01703}"
EndProject
Project("{FAE04EC0-301F-11D3-BF4B-00C04F79EFBC}") = "TestSimple", "TestSimple.csproj", "{5472F547-C051-46AE-97C0-3F38B24340EF}"
	ProjectSection(ProjectDependencies) = postProject
		{2CA52394-A3EC-4422-9BCB-300797B01703} = {2CA52394-A3EC-4422-9BCB-300797B01703}
	EndProjectSection
EndProject
Project("{FAE04EC0-301F-11D3-BF4B-00C04F79EFBC}") = "TestIndex", "TestIndex.csproj", "{7D755AAB-7DA2-4D16-A759-8B0B53B66A9A}"
EndProject
Project("{FAE04EC0-301F-11D3-BF4B-00C04F79EFBC}") = "TestBackup", "TestBackup.csproj", "{55D067E7-CD72-42D3-BD32-41CC6C41B9C9}"
EndProject
Project("{FAE04EC0-301F-11D3-BF4B-00C04F79EFBC}") = "TestBit", "TestBit.csproj", "{792F0779-0EC4-40AC-8A94-4C9DE189A028}"
EndProject
Project("{FAE04EC0-301F-11D3-BF4B-00C04F79EFBC}") = "TestBlob", "TestBlob.csproj", "{4B4874B1-6CEB-4B88-AAB7-F8ACD911967A}"
EndProject
Project("{FAE04EC0-301F-11D3-BF4B-00C04F79EFBC}") = "TestCompoundIndex", "TestCompoundIndex.csproj", "{8FD62C74-E4D0-4916-9C9A-5B4A6FD55521}"
EndProject
Project("{FAE04EC0-301F-11D3-BF4B-00C04F79EFBC}") = "TestConcur", "TestConcur.csproj", "{FAC9CC8B-C37A-4F1A-9A3C-E25B0C7D3CF8}"
EndProject
Project("{FAE04EC0-301F-11D3-BF4B-00C04F79EFBC}") = "TestGC", "TestGC.csproj", "{28314772-F33A-44FA-B8F3-1CC6DEF97F01}"
EndProject
Project("{FAE04EC0-301F-11D3-BF4B-00C04F79EFBC}") = "TestIndexIterator", "TestIndexIterator.csproj", "{804AD16C-64FE-43AB-90FF-0E93E5FC8E5C}"
EndProject
Project("{FAE04EC0-301F-11D3-BF4B-00C04F79EFBC}") = "TestLink", "TestLink.csproj", "{860BE98E-F3A7-44BE-93DE-F9FEAC3E6EF8}"
EndProject
Project("{FAE04EC0-301F-11D3-BF4B-00C04F79EFBC}") = "TestMaxOid", "TestMaxOid.csproj", "{094B350E-0E26-41D3-9D06-F9E1C75E0269}"
EndProject
Project("{FAE04EC0-301F-11D3-BF4B-00C04F79EFBC}") = "TestMod", "TestMod.csproj", "{33212853-8636-4047-BF80-9D31BC070BAD}"
EndProject
Project("{FAE04EC0-301F-11D3-BF4B-00C04F79EFBC}") = "TestR2", "TestR2.csproj", "{4159C649-68FD-4485-8F4D-15DF62BBC668}"
EndProject
Project("{FAE04EC0-301F-11D3-BF4B-00C04F79EFBC}") = "TestRaw", "TestRaw.csproj", "{BEB0C243-F541-48CD-A995-07CB41AD9287}"
EndProject
Project("{FAE04EC0-301F-11D3-BF4B-00C04F79EFBC}") = "TestReplic", "TestReplic.csproj", "{9CF8CA81-94AC-4BD7-A940-CFE79B8606FF}"
EndProject
Project("{FAE04EC0-301F-11D3-BF4B-00C04F79EFBC}") = "TestRtree", "TestRtree.csproj", "{5650D455-8283-4170-A355-9E18282C91E6}"
EndProject
Project("{FAE04EC0-301F-11D3-BF4B-00C04F79EFBC}") = "ExampleSOD", "ExampleSOD.csproj", "{4549E694-CBEA-4055-9CA4-5640D9D27FA2}"
EndProject
Project("{FAE04EC0-301F-11D3-BF4B-00C04F79EFBC}") = "ExampleSSD", "ExampleSSD.csproj", "{8F18D264-8641-4F37-B60A-B8F6C5A14C2F}"
EndProject
Project("{FAE04EC0-301F-11D3-BF4B-00C04F79EFBC}") = "TestSet", "TestSet.csproj", "{09A56D64-996F-40FE-A88D-70F0688DBFCD}"
EndProject
Project("{FAE04EC0-301F-11D3-BF4B-00C04F79EFBC}") = "TestThickIndex", "TestThickIndex.csproj", "{F8BE2750-2574-431E-8FB7-0818B942BFE5}"
EndProject
Project("{FAE04EC0-301F-11D3-BF4B-00C04F79EFBC}") = "TestTimeSeries", "TestTimeSeries.csproj", "{63BFC3D1-223E-45D1-9D7B-5BFA8F6EF2AE}"
EndProject
Project("{FAE04EC0-301F-11D3-BF4B-00C04F79EFBC}") = "TestTtree", "TestTtree.csproj", "{A474DEBD-7369-4F88-9863-1644E662AE13}"
EndProject
Project("{FAE04EC0-301F-11D3-BF4B-00C04F79EFBC}") = "TestXML", "TestXML.csproj", "{FF7AE5A4-4520-4D9B-B498-2FFD8F99739B}"
EndProject
Project("{FAE04EC0-301F-11D3-BF4B-00C04F79EFBC}") = "TestIndex2", "TestIndex2.csproj", "{85BD2CCA-1356-437A-9CE0-943C1F740EC5}"
EndProject
Project("{FAE04EC0-301F-11D3-BF4B-00C04F79EFBC}") = "ExampleGuess", "ExampleGuess.csproj", "{C9C4C061-D425-457D-8B5E-748FDC3B73D4}"
EndProject
Project("{FAE04EC0-301F-11D3-BF4B-00C04F79EFBC}") = "ExampleIpCountry", "ExampleIpCountry.csproj", "{DE057561-37CF-457F-900B-3DFE567AE604}"
EndProject
Project("{FAE04EC0-301F-11D3-BF4B-00C04F79EFBC}") = "Benchmark007", "Benchmark007.csproj", "{EF0BC95F-6FF9-43A1-9433-9D192C582FE6}"
EndProject
Global
	GlobalSection(SolutionConfigurationPlatforms) = preSolution
		Debug|Any CPU = Debug|Any CPU
		Release|Any CPU = Release|Any CPU
	EndGlobalSection
	GlobalSection(ProjectConfigurationPlatforms) = postSolution
		{2CA52394-A3EC-4422-9BCB-300797B01703}.Debug|Any CPU.ActiveCfg = Debug|Any CPU
		{2CA52394-A3EC-4422-9BCB-300797B01703}.Debug|Any CPU.Build.0 = Debug|Any CPU
		{2CA52394-A3EC-4422-9BCB-300797B01703}.Release|Any CPU.ActiveCfg = Release|Any CPU
		{2CA52394-A3EC-4422-9BCB-300797B01703}.Release|Any CPU.Build.0 = Release|Any CPU
		{5472F547-C051-46AE-97C0-3F38B24340EF}.Debug|Any CPU.ActiveCfg = Debug|Any CPU
		{5472F547-C051-46AE-97C0-3F38B24340EF}.Debug|Any CPU.Build.0 = Debug|Any CPU
		{5472F547-C051-46AE-97C0-3F38B24340EF}.Release|Any CPU.ActiveCfg = Release|Any CPU
		{5472F547-C051-46AE-97C0-3F38B24340EF}.Release|Any CPU.Build.0 = Release|Any CPU
		{7D755AAB-7DA2-4D16-A759-8B0B53B66A9A}.Debug|Any CPU.ActiveCfg = Debug|Any CPU
		{7D755AAB-7DA2-4D16-A759-8B0B53B66A9A}.Debug|Any CPU.Build.0 = Debug|Any CPU
		{7D755AAB-7DA2-4D16-A759-8B0B53B66A9A}.Release|Any CPU.ActiveCfg = Release|Any CPU
		{7D755AAB-7DA2-4D16-A759-8B0B53B66A9A}.Release|Any CPU.Build.0 = Release|Any CPU
		{55D067E7-CD72-42D3-BD32-41CC6C41B9C9}.Debug|Any CPU.ActiveCfg = Debug|Any CPU
		{55D067E7-CD72-42D3-BD32-41CC6C41B9C9}.Debug|Any CPU.Build.0 = Debug|Any CPU
		{55D067E7-CD72-42D3-BD32-41CC6C41B9C9}.Release|Any CPU.ActiveCfg = Release|Any CPU
		{55D067E7-CD72-42D3-BD32-41CC6C41B9C9}.Release|Any CPU.Build.0 = Release|Any CPU
		{792F0779-0EC4-40AC-8A94-4C9DE189A028}.Debug|Any CPU.ActiveCfg = Debug|Any CPU
		{792F0779-0EC4-40AC-8A94-4C9DE189A028}.Debug|Any CPU.Build.0 = Debug|Any CPU
		{792F0779-0EC4-40AC-8A94-4C9DE189A028}.Release|Any CPU.ActiveCfg = Release|Any CPU
		{792F0779-0EC4-40AC-8A94-4C9DE189A028}.Release|Any CPU.Build.0 = Release|Any CPU
		{4B4874B1-6CEB-4B88-AAB7-F8ACD911967A}.Debug|Any CPU.ActiveCfg = Debug|Any CPU
		{4B4874B1-6CEB-4B88-AAB7-F8ACD911967A}.Debug|Any CPU.Build.0 = Debug|Any CPU
		{4B4874B1-6CEB-4B88-AAB7-F8ACD911967A}.Release|Any CPU.ActiveCfg = Release|Any CPU
		{4B4874B1-6CEB-4B88-AAB7-F8ACD911967A}.Release|Any CPU.Build.0 = Release|Any CPU
		{8FD62C74-E4D0-4916-9C9A-5B4A6FD55521}.Debug|Any CPU.ActiveCfg = Debug|Any CPU
		{8FD62C74-E4D0-4916-9C9A-5B4A6FD55521}.Debug|Any CPU.Build.0 = Debug|Any CPU
		{8FD62C74-E4D0-4916-9C9A-5B4A6FD55521}.Release|Any CPU.ActiveCfg = Release|Any CPU
		{8FD62C74-E4D0-4916-9C9A-5B4A6FD55521}.Release|Any CPU.Build.0 = Release|Any CPU
		{FAC9CC8B-C37A-4F1A-9A3C-E25B0C7D3CF8}.Debug|Any CPU.ActiveCfg = Debug|Any CPU
		{FAC9CC8B-C37A-4F1A-9A3C-E25B0C7D3CF8}.Debug|Any CPU.Build.0 = Debug|Any CPU
		{FAC9CC8B-C37A-4F1A-9A3C-E25B0C7D3CF8}.Release|Any CPU.ActiveCfg = Release|Any CPU
		{FAC9CC8B-C37A-4F1A-9A3C-E25B0C7D3CF8}.Release|Any CPU.Build.0 = Release|Any CPU
		{28314772-F33A-44FA-B8F3-1CC6DEF97F01}.Debug|Any CPU.ActiveCfg = Debug|Any CPU
		{28314772-F33A-44FA-B8F3-1CC6DEF97F01}.Debug|Any CPU.Build.0 = Debug|Any CPU
		{28314772-F33A-44FA-B8F3-1CC6DEF97F01}.Release|Any CPU.ActiveCfg = Release|Any CPU
		{28314772-F33A-44FA-B8F3-1CC6DEF97F01}.Release|Any CPU.Build.0 = Release|Any CPU
		{804AD16C-64FE-43AB-90FF-0E93E5FC8E5C}.Debug|Any CPU.ActiveCfg = Debug|Any CPU
		{804AD16C-64FE-43AB-90FF-0E93E5FC8E5C}.Debug|Any CPU.Build.0 = Debug|Any CPU
		{804AD16C-64FE-43AB-90FF-0E93E5FC8E5C}.Release|Any CPU.ActiveCfg = Release|Any CPU
		{804AD16C-64FE-43AB-90FF-0E93E5FC8E5C}.Release|Any CPU.Build.0 = Release|Any CPU
		{860BE98E-F3A7-44BE-93DE-F9FEAC3E6EF8}.Debug|Any CPU.ActiveCfg = Debug|Any CPU
		{860BE98E-F3A7-44BE-93DE-F9FEAC3E6EF8}.Debug|Any CPU.Build.0 = Debug|Any CPU
		{860BE98E-F3A7-44BE-93DE-F9FEAC3E6EF8}.Release|Any CPU.ActiveCfg = Release|Any CPU
		{860BE98E-F3A7-44BE-93DE-F9FEAC3E6EF8}.Release|Any CPU.Build.0 = Release|Any CPU
		{094B350E-0E26-41D3-9D06-F9E1C75E0269}.Debug|Any CPU.ActiveCfg = Debug|Any CPU
		{094B350E-0E26-41D3-9D06-F9E1C75E0269}.Debug|Any CPU.Build.0 = Debug|Any CPU
		{094B350E-0E26-41D3-9D06-F9E1C75E0269}.Release|Any CPU.ActiveCfg = Release|Any CPU
		{094B350E-0E26-41D3-9D06-F9E1C75E0269}.Release|Any CPU.Build.0 = Release|Any CPU
		{33212853-8636-4047-BF80-9D31BC070BAD}.Debug|Any CPU.ActiveCfg = Debug|Any CPU
		{33212853-8636-4047-BF80-9D31BC070BAD}.Debug|Any CPU.Build.0 = Debug|Any CPU
		{33212853-8636-4047-BF80-9D31BC070BAD}.Release|Any CPU.ActiveCfg = Release|Any CPU
		{33212853-8636-4047-BF80-9D31BC070BAD}.Release|Any CPU.Build.0 = Release|Any CPU
		{4159C649-68FD-4485-8F4D-15DF62BBC668}.Debug|Any CPU.ActiveCfg = Debug|Any CPU
		{4159C649-68FD-4485-8F4D-15DF62BBC668}.Debug|Any CPU.Build.0 = Debug|Any CPU
		{4159C649-68FD-4485-8F4D-15DF62BBC668}.Release|Any CPU.ActiveCfg = Release|Any CPU
		{4159C649-68FD-4485-8F4D-15DF62BBC668}.Release|Any CPU.Build.0 = Release|Any CPU
		{BEB0C243-F541-48CD-A995-07CB41AD9287}.Debug|Any CPU.ActiveCfg = Debug|Any CPU
		{BEB0C243-F541-48CD-A995-07CB41AD9287}.Debug|Any CPU.Build.0 = Debug|Any CPU
		{BEB0C243-F541-48CD-A995-07CB41AD9287}.Release|Any CPU.ActiveCfg = Release|Any CPU
		{BEB0C243-F541-48CD-A995-07CB41AD9287}.Release|Any CPU.Build.0 = Release|Any CPU
		{9CF8CA81-94AC-4BD7-A940-CFE79B8606FF}.Debug|Any CPU.ActiveCfg = Debug|Any CPU
		{9CF8CA81-94AC-4BD7-A940-CFE79B8606FF}.Debug|Any CPU.Build.0 = Debug|Any CPU
		{9CF8CA81-94AC-4BD7-A940-CFE79B8606FF}.Release|Any CPU.ActiveCfg = Release|Any CPU
		{9CF8CA81-94AC-4BD7-A940-CFE79B8606FF}.Release|Any CPU.Build.0 = Release|Any CPU
		{5650D455-8283-4170-A355-9E18282C91E6}.Debug|Any CPU.ActiveCfg = Debug|Any CPU
		{5650D455-8283-4170-A355-9E18282C91E6}.Debug|Any CPU.Build.0 = Debug|Any CPU
		{5650D455-8283-4170-A355-9E18282C91E6}.Release|Any CPU.ActiveCfg = Release|Any CPU
		{5650D455-8283-4170-A355-9E18282C91E6}.Release|Any CPU.Build.0 = Release|Any CPU
		{4549E694-CBEA-4055-9CA4-5640D9D27FA2}.Debug|Any CPU.ActiveCfg = Debug|Any CPU
		{4549E694-CBEA-4055-9CA4-5640D9D27FA2}.Debug|Any CPU.Build.0 = Debug|Any CPU
		{4549E694-CBEA-4055-9CA4-5640D9D27FA2}.Release|Any CPU.ActiveCfg = Release|Any CPU
		{4549E694-CBEA-4055-9CA4-5640D9D27FA2}.Release|Any CPU.Build.0 = Release|Any CPU
		{8F18D264-8641-4F37-B60A-B8F6C5A14C2F}.Debug|Any CPU.ActiveCfg = Debug|Any CPU
		{8F18D264-8641-4F37-B60A-B8F6C5A14C2F}.Debug|Any CPU.Build.0 = Debug|Any CPU
		{8F18D264-8641-4F37-B60A-B8F6C5A14C2F}.Release|Any CPU.ActiveCfg = Release|Any CPU
		{8F18D264-8641-4F37-B60A-B8F6C5A14C2F}.Release|Any CPU.Build.0 = Release|Any CPU
		{09A56D64-996F-40FE-A88D-70F0688DBFCD}.Debug|Any CPU.ActiveCfg = Debug|Any CPU
		{09A56D64-996F-40FE-A88D-70F0688DBFCD}.Debug|Any CPU.Build.0 = Debug|Any CPU
		{09A56D64-996F-40FE-A88D-70F0688DBFCD}.Release|Any CPU.ActiveCfg = Release|Any CPU
		{09A56D64-996F-40FE-A88D-70F0688DBFCD}.Release|Any CPU.Build.0 = Release|Any CPU
		{F8BE2750-2574-431E-8FB7-0818B942BFE5}.Debug|Any CPU.ActiveCfg = Debug|Any CPU
		{F8BE2750-2574-431E-8FB7-0818B942BFE5}.Debug|Any CPU.Build.0 = Debug|Any CPU
		{F8BE2750-2574-431E-8FB7-0818B942BFE5}.Release|Any CPU.ActiveCfg = Release|Any CPU
		{F8BE2750-2574-431E-8FB7-0818B942BFE5}.Release|Any CPU.Build.0 = Release|Any CPU
		{63BFC3D1-223E-45D1-9D7B-5BFA8F6EF2AE}.Debug|Any CPU.ActiveCfg = Debug|Any CPU
		{63BFC3D1-223E-45D1-9D7B-5BFA8F6EF2AE}.Debug|Any CPU.Build.0 = Debug|Any CPU
		{63BFC3D1-223E-45D1-9D7B-5BFA8F6EF2AE}.Release|Any CPU.ActiveCfg = Release|Any CPU
		{63BFC3D1-223E-45D1-9D7B-5BFA8F6EF2AE}.Release|Any CPU.Build.0 = Release|Any CPU
		{A474DEBD-7369-4F88-9863-1644E662AE13}.Debug|Any CPU.ActiveCfg = Debug|Any CPU
		{A474DEBD-7369-4F88-9863-1644E662AE13}.Debug|Any CPU.Build.0 = Debug|Any CPU
		{A474DEBD-7369-4F88-9863-1644E662AE13}.Release|Any CPU.ActiveCfg = Release|Any CPU
		{A474DEBD-7369-4F88-9863-1644E662AE13}.Release|Any CPU.Build.0 = Release|Any CPU
		{FF7AE5A4-4520-4D9B-B498-2FFD8F99739B}.Debug|Any CPU.ActiveCfg = Debug|Any CPU
		{FF7AE5A4-4520-4D9B-B498-2FFD8F99739B}.Debug|Any CPU.Build.0 = Debug|Any CPU
		{FF7AE5A4-4520-4D9B-B498-2FFD8F99739B}.Release|Any CPU.ActiveCfg = Release|Any CPU
		{FF7AE5A4-4520-4D9B-B498-2FFD8F99739B}.Release|Any CPU.Build.0 = Release|Any CPU
		{85BD2CCA-1356-437A-9CE0-943C1F740EC5}.Debug|Any CPU.ActiveCfg = Debug|Any CPU
		{85BD2CCA-1356-437A-9CE0-943C1F740EC5}.Debug|Any CPU.Build.0 = Debug|Any CPU
		{85BD2CCA-1356-437A-9CE0-943C1F740EC5}.Release|Any CPU.ActiveCfg = Release|Any CPU
		{85BD2CCA-1356-437A-9CE0-943C1F740EC5}.Release|Any CPU.Build.0 = Release|Any CPU
		{C9C4C061-D425-457D-8B5E-748FDC3B73D4}.Debug|Any CPU.ActiveCfg = Debug|Any CPU
		{C9C4C061-D425-457D-8B5E-748FDC3B73D4}.Debug|Any CPU.Build.0 = Debug|Any CPU
		{C9C4C061-D425-457D-8B5E-748FDC3B73D4}.Release|Any CPU.ActiveCfg = Release|Any CPU
		{C9C4C061-D425-457D-8B5E-748FDC3B73D4}.Release|Any CPU.Build.0 = Release|Any CPU
		{DE057561-37CF-457F-900B-3DFE567AE604}.Debug|Any CPU.ActiveCfg = Debug|Any CPU
		{DE057561-37CF-457F-900B-3DFE567AE604}.Debug|Any CPU.Build.0 = Debug|Any CPU
		{DE057561-37CF-457F-900B-3DFE567AE604}.Release|Any CPU.ActiveCfg = Release|Any CPU
		{DE057561-37CF-457F-900B-3DFE567AE604}.Release|Any CPU.Build.0 = Release|Any CPU
		{EF0BC95F-6FF9-43A1-9433-9D192C582FE6}.Debug|Any CPU.ActiveCfg = Debug|Any CPU
		{EF0BC95F-6FF9-43A1-9433-9D192C582FE6}.Debug|Any CPU.Build.0 = Debug|Any CPU
		{EF0BC95F-6FF9-43A1-9433-9D192C582FE6}.Release|Any CPU.ActiveCfg = Release|Any CPU
		{EF0BC95F-6FF9-43A1-9433-9D192C582FE6}.Release|Any CPU.Build.0 = Release|Any CPU
	EndGlobalSection
	GlobalSection(SolutionProperties) = preSolution
		HideSolutionNode = FALSE
	EndGlobalSection
EndGlobal
